
Microsoft Visual Studio Solution File, Format Version 12.00
# Visual Studio Version 17
VisualStudioVersion = 17.8.34316.72
MinimumVisualStudioVersion = 10.0.40219.1
Project("{8BC9CEB8-8B4A-11D0-8D11-00A0C91BC942}") = "Third_Demo", "Third_Demo.vcxproj", "{2D530EC9-2334-47DF-972E-D80BF2D33331}"
EndProject
Global
	GlobalSection(SolutionConfigurationPlatforms) = preSolution
		Debug|x64 = Debug|x64
		Release|x64 = Release|x64
	EndGlobalSection
	GlobalSection(ProjectConfigurationPlatforms) = postSolution
		{2D530EC9-2334-47DF-972E-D80BF2D33331}.Debug|x64.ActiveCfg = Debug|x64
		{2D530EC9-2334-47DF-972E-D80BF2D33331}.Debug|x64.Build.0 = Debug|x64
		{2D530EC9-2334-47DF-972E-D80BF2D33331}.Release|x64.ActiveCfg = Release|x64
		{2D530EC9-2334-47DF-972E-D80BF2D33331}.Release|x64.Build.0 = Release|x64
	EndGlobalSection
	GlobalSection(SolutionProperties) = preSolution
		HideSolutionNode = FALSE
	EndGlobalSection
	GlobalSection(ExtensibilityGlobals) = postSolution
		SolutionGuid = {81D159C8-3EC4-47DE-BC0C-8FA749E00A8A}
	EndGlobalSection
EndGlobal
